
Microsoft Visual Studio Solution File, Format Version 12.00
# Visual Studio Version 17
VisualStudioVersion = 17.11.35208.52
MinimumVisualStudioVersion = 10.0.40219.1
Project("{FAE04EC0-301F-11D3-BF4B-00C04F79EFBC}") = "RestaurantAPI", "RestaurantAPI\RestaurantAPI.csproj", "{51C12CDB-27E8-4712-895F-D33D61A9919B}"
EndProject
Global
	GlobalSection(SolutionConfigurationPlatforms) = preSolution
		Debug|Any CPU = Debug|Any CPU
		Release|Any CPU = Release|Any CPU
	EndGlobalSection
	GlobalSection(ProjectConfigurationPlatforms) = postSolution
		{51C12CDB-27E8-4712-895F-D33D61A9919B}.Debug|Any CPU.ActiveCfg = Debug|Any CPU
		{51C12CDB-27E8-4712-895F-D33D61A9919B}.Debug|Any CPU.Build.0 = Debug|Any CPU
		{51C12CDB-27E8-4712-895F-D33D61A9919B}.Release|Any CPU.ActiveCfg = Release|Any CPU
		{51C12CDB-27E8-4712-895F-D33D61A9919B}.Release|Any CPU.Build.0 = Release|Any CPU
	EndGlobalSection
	GlobalSection(SolutionProperties) = preSolution
		HideSolutionNode = FALSE
	EndGlobalSection
	GlobalSection(ExtensibilityGlobals) = postSolution
		SolutionGuid = {CAED90FB-147C-4923-A772-7F258E977390}
	EndGlobalSection
EndGlobal
